<?xml version="1.0" encoding="utf-8"?>
<Project ToolsVersion="4.0" xmlns="http://schemas.microsoft.com/developer/msbuild/2003">
  <ItemGroup>
    <Filter Include="Source Files">
      <UniqueIdentifier>{4FC737F1-C7A5-4376-A066-2A32D752A2FF}</UniqueIdentifier>
      <Extensions>cpp;c;cc;cxx;def;odl;idl;hpj;bat;asm;asmx</Extensions>
    </Filter>
    <Filter Include="Header Files">
      <UniqueIdentifier>{93995380-89BD-4b04-88EB-625FBE52EBFB}</UniqueIdentifier>
      <Extensions>h;hh;hpp;hxx;hm;inl;inc;xsd</Extensions>
    </Filter>
    <Filter Include="Resource Files">
      <UniqueIdentifier>{67DA6AB6-F800-4c08-8B7A-83BB121AAD01}</UniqueIdentifier>
      <Extensions>qrc;rc;ico;cur;bmp;dlg;rc2;rct;bin;rgs;gif;jpg;jpeg;jpe;resx;tiff;tif;png;wav;mfcribbon-ms</Extensions>
    </Filter>
    <Filter Include="Form Files">
      <UniqueIdentifier>{99349809-55BA-4b9d-BF79-8FDBB0286EB3}</UniqueIdentifier>
      <Extensions>ui</Extensions>
    </Filter>
    <Filter Include="Translation Files">
      <UniqueIdentifier>{639EADAA-A684-42e4-A9AD-28FC9BCB8F7C}</UniqueIdentifier>
      <Extensions>ts</Extensions>
    </Filter>
    <Filter Include="Source Files\View">
      <UniqueIdentifier>{7adb6b80-eb7f-42b1-806c-35be65486f64}</UniqueIdentifier>
    </Filter>
    <Filter Include="Header Files\View">
      <UniqueIdentifier>{bc98a118-e4d6-4e4b-932b-8ecd342e7df4}</UniqueIdentifier>
    </Filter>
    <Filter Include="Source Files\Controller">
      <UniqueIdentifier>{8892ed0f-d2f3-4314-a91e-8b54b22510ef}</UniqueIdentifier>
    </Filter>
    <Filter Include="Header Files\Controller">
      <UniqueIdentifier>{bc036ee0-b195-43f7-b400-0055b831239b}</UniqueIdentifier>
    </Filter>
    <Filter Include="Header Files\Model">
      <UniqueIdentifier>{720f86c5-8600-472d-b321-376eb1dda13d}</UniqueIdentifier>
    </Filter>
    <Filter Include="Source Files\Model">
      <UniqueIdentifier>{b7872ee4-09c8-4ebe-a684-87bf6f5a6525}</UniqueIdentifier>
    </Filter>
    <Filter Include="Form Files\ButtonLayoutSettings">
      <UniqueIdentifier>{4698e268-85a2-446b-a258-1023f3668a7e}</UniqueIdentifier>
    </Filter>
    <Filter Include="Header Files\View\ButtonLayoutSettings">
      <UniqueIdentifier>{9b53c881-a882-4b0a-90cb-ecbc6c8c5384}</UniqueIdentifier>
    </Filter>
    <Filter Include="Source Files\View\ButtonLayoutSettings">
      <UniqueIdentifier>{09e0d21d-4c8f-4a4a-9966-3cfc9b6e8ee3}</UniqueIdentifier>
    </Filter>
  </ItemGroup>
  <ItemGroup>
    <QtRcc Include="MainWindow.qrc">
      <Filter>Resource Files</Filter>
    </QtRcc>
    <QtUic Include="MainWindow.ui">
      <Filter>Form Files</Filter>
    </QtUic>
  </ItemGroup>
  <ItemGroup>
    <ClCompile Include="main.cpp">
      <Filter>Source Files</Filter>
    </ClCompile>
    <ClCompile Include="MainWindow.cpp">
      <Filter>Source Files\View</Filter>
    </ClCompile>
    <ClCompile Include="DualShockController.cpp">
      <Filter>Source Files\Controller</Filter>
    </ClCompile>
    <ClCompile Include="OSHelper.cpp">
      <Filter>Source Files\Controller</Filter>
    </ClCompile>
    <ClCompile Include="MouseSensitivitySettings.cpp">
      <Filter>Source Files\View</Filter>
    </ClCompile>
    <ClCompile Include="GyroMouseControlSettings.cpp">
      <Filter>Source Files\View</Filter>
    </ClCompile>
    <ClCompile Include="CustomButtonConfiguration.cpp">
      <Filter>Source Files\Model</Filter>
    </ClCompile>
    <ClCompile Include="DefaultConfigButtonHandler.cpp">
      <Filter>Source Files\Model</Filter>
    </ClCompile>
    <ClCompile Include="CustomButtonSequence.cpp">
      <Filter>Source Files\Model</Filter>
    </ClCompile>
    <ClCompile Include="ButtonLayoutSettings.cpp">
      <Filter>Source Files\View\ButtonLayoutSettings</Filter>
    </ClCompile>
    <ClCompile Include="AddCustomCommandDialog.cpp">
      <Filter>Source Files\View\ButtonLayoutSettings</Filter>
    </ClCompile>
  </ItemGroup>
  <ItemGroup>
    <QtMoc Include="MainWindow.h">
      <Filter>Header Files\View</Filter>
    </QtMoc>
    <QtMoc Include="MouseSensitivitySettings.h">
      <Filter>Header Files\View</Filter>
    </QtMoc>
    <QtMoc Include="GyroMouseControlSettings.h">
      <Filter>Header Files\View</Filter>
    </QtMoc>
    <QtMoc Include="ButtonLayoutSettings.h">
      <Filter>Header Files\View\ButtonLayoutSettings</Filter>
    </QtMoc>
    <QtMoc Include="AddCustomCommandDialog.h">
      <Filter>Header Files\View\ButtonLayoutSettings</Filter>
    </QtMoc>
  </ItemGroup>
  <ItemGroup>
    <ClInclude Include="DualShockController.h">
      <Filter>Header Files\Controller</Filter>
    </ClInclude>
    <ClInclude Include="JoyShockLibrary.h">
      <Filter>Header Files\Controller</Filter>
    </ClInclude>
    <ClInclude Include="OSHelper.h">
      <Filter>Header Files\Controller</Filter>
    </ClInclude>
    <ClInclude Include="CustomButtonConfiguration.h">
      <Filter>Header Files\Model</Filter>
    </ClInclude>
    <ClInclude Include="DefaultConfigButtonHandler.h">
      <Filter>Header Files\Model</Filter>
    </ClInclude>
    <ClInclude Include="CustomButtonSequence.h">
      <Filter>Header Files\Model</Filter>
    </ClInclude>
  </ItemGroup>
  <ItemGroup>
    <QtUic Include="MouseSensitivitySettings.ui">
      <Filter>Form Files</Filter>
    </QtUic>
    <QtUic Include="GyroMouseControlSettings.ui">
      <Filter>Form Files</Filter>
    </QtUic>
    <QtUic Include="ButtonLayoutSettings.ui">
      <Filter>Form Files\ButtonLayoutSettings</Filter>
    </QtUic>
    <QtUic Include="AddCustomCommandDialog.ui">
      <Filter>Form Files\ButtonLayoutSettings</Filter>
    </QtUic>
  </ItemGroup>
</Project>